
Microsoft Visual Studio Solution File, Format Version 12.00
# Visual Studio Version 16
VisualStudioVersion = 16.0.31129.286
MinimumVisualStudioVersion = 10.0.40219.1
Project("{FAE04EC0-301F-11D3-BF4B-00C04F79EFBC}") = "Coffee", "Coffee\Coffee.csproj", "{ACD1F060-A85F-4F0C-99E3-0C11509AAA5F}"
EndProject
Global
	GlobalSection(SolutionConfigurationPlatforms) = preSolution
		Debug|Any CPU = Debug|Any CPU
		Release|Any CPU = Release|Any CPU
	EndGlobalSection
	GlobalSection(ProjectConfigurationPlatforms) = postSolution
		{ACD1F060-A85F-4F0C-99E3-0C11509AAA5F}.Debug|Any CPU.ActiveCfg = Debug|Any CPU
		{ACD1F060-A85F-4F0C-99E3-0C11509AAA5F}.Debug|Any CPU.Build.0 = Debug|Any CPU
		{ACD1F060-A85F-4F0C-99E3-0C11509AAA5F}.Release|Any CPU.ActiveCfg = Release|Any CPU
		{ACD1F060-A85F-4F0C-99E3-0C11509AAA5F}.Release|Any CPU.Build.0 = Release|Any CPU
	EndGlobalSection
	GlobalSection(SolutionProperties) = preSolution
		HideSolutionNode = FALSE
	EndGlobalSection
	GlobalSection(ExtensibilityGlobals) = postSolution
		SolutionGuid = {AC540638-8019-4534-9E8E-2678BFC38AFA}
	EndGlobalSection
EndGlobal
